Microsoft Visual Studio Solution File, Format Version 12.00
# Visual Studio Version 17
VisualStudioVersion = 17.5.2.0
MinimumVisualStudioVersion = 10.0.40219.1
Project("{FAE04EC0-301F-11D3-BF4B-00C04F79EFBC}") = "CheckFillingAPI", "CheckFillingAPI\CheckFillingAPI.csproj", "{9C1EBCFF-1DBB-D69B-3CDA-5572F90DEC92}"
EndProject
Global
	GlobalSection(SolutionConfigurationPlatforms) = preSolution
		Debug|Any CPU = Debug|Any CPU
		Release|Any CPU = Release|Any CPU
	EndGlobalSection
	GlobalSection(ProjectConfigurationPlatforms) = postSolution
		{9C1EBCFF-1DBB-D69B-3CDA-5572F90DEC92}.Debug|Any CPU.ActiveCfg = Debug|Any CPU
		{9C1EBCFF-1DBB-D69B-3CDA-5572F90DEC92}.Debug|Any CPU.Build.0 = Debug|Any CPU
		{9C1EBCFF-1DBB-D69B-3CDA-5572F90DEC92}.Release|Any CPU.ActiveCfg = Release|Any CPU
		{9C1EBCFF-1DBB-D69B-3CDA-5572F90DEC92}.Release|Any CPU.Build.0 = Release|Any CPU
	EndGlobalSection
	GlobalSection(SolutionProperties) = preSolution
		HideSolutionNode = FALSE
	EndGlobalSection
	GlobalSection(ExtensibilityGlobals) = postSolution
		SolutionGuid = {57BF5D4D-382E-46F4-9639-063496230221}
	EndGlobalSection
EndGlobal
